
Microsoft Visual Studio Solution File, Format Version 12.00
# Visual Studio Version 17
VisualStudioVersion = 17.14.36414.22 d17.14
MinimumVisualStudioVersion = 10.0.40219.1
Project("{FAE04EC0-301F-11D3-BF4B-00C04F79EFBC}") = "PasswordManager.API", "PasswordManager.API\PasswordManager.API.csproj", "{982755DD-53D0-46BB-9C1D-935C503BA37C}"
EndProject
Global
	GlobalSection(SolutionConfigurationPlatforms) = preSolution
		Debug|Any CPU = Debug|Any CPU
		Release|Any CPU = Release|Any CPU
	EndGlobalSection
	GlobalSection(ProjectConfigurationPlatforms) = postSolution
		{982755DD-53D0-46BB-9C1D-935C503BA37C}.Debug|Any CPU.ActiveCfg = Debug|Any CPU
		{982755DD-53D0-46BB-9C1D-935C503BA37C}.Debug|Any CPU.Build.0 = Debug|Any CPU
		{982755DD-53D0-46BB-9C1D-935C503BA37C}.Release|Any CPU.ActiveCfg = Release|Any CPU
		{982755DD-53D0-46BB-9C1D-935C503BA37C}.Release|Any CPU.Build.0 = Release|Any CPU
	EndGlobalSection
	GlobalSection(SolutionProperties) = preSolution
		HideSolutionNode = FALSE
	EndGlobalSection
	GlobalSection(ExtensibilityGlobals) = postSolution
		SolutionGuid = {464C59DD-8233-459C-8469-A65BD4D83128}
	EndGlobalSection
EndGlobal
